<?xml version="1.0" encoding="UTF-8" standalone="yes" ?>
<CodeBlocks_project_file>
	<FileVersion major="1" minor="6" />
	<Project>
		<Option title="Qualite_Robot" />
		<Option pch_mode="2" />
		<Option compiler="gcc" />
		<Build>
			<Target title="Debug">
				<Option output="bin/Debug/Qualite_Robot" prefix_auto="1" extension_auto="1" />
				<Option object_output="obj/Debug/" />
				<Option type="1" />
				<Option compiler="gcc" />
				<Compiler>
					<Add option="-g" />
				</Compiler>
			</Target>
			<Target title="Release">
				<Option output="bin/Release/Qualite_Robot" prefix_auto="1" extension_auto="1" />
				<Option object_output="obj/Release/" />
				<Option type="1" />
				<Option compiler="gcc" />
				<Compiler>
					<Add option="-O2" />
				</Compiler>
				<Linker>
					<Add option="-s" />
				</Linker>
			</Target>
		</Build>
		<Compiler>
			<Add option="-Wall" />
			<Add option="-fexceptions" />
		</Compiler>
		<Unit filename="Case.cpp" />
		<Unit filename="Case.h" />
		<Unit filename="Jeu.cpp" />
		<Unit filename="Jeu.h" />
		<Unit filename="Pion.cpp" />
		<Unit filename="Pion.h" />
		<Unit filename="Score.cpp" />
		<Unit filename="Score.h" />
		<Unit filename="Terrain.cpp" />
		<Unit filename="Terrain.h" />
		<Unit filename="debris.cpp" />
		<Unit filename="debris.h" />
		<Unit filename="deplacement.cpp" />
		<Unit filename="deplacement.h" />
		<Unit filename="doctest.h" />
		<Unit filename="main.cpp" />
		<Extensions>
			<code_completion />
			<envvars />
			<debugger />
		</Extensions>
	</Project>
</CodeBlocks_project_file>
